{
  "projects": [
    {
      "projectId": "4x3Ufh53P9j8zedtFfyBvz",
      "version": "latest",
      "dependencies": {},
      "lang": "ts",
      "fileLocks": [
        {
          "type": "globalVariant",
          "assetId": "ohOyf13Hiop5",
          "checksum": "65d565d6333d4b769904561074845514"
        },
        {
          "assetId": "4x3Ufh53P9j8zedtFfyBvz",
          "type": "projectCss",
          "checksum": "10a782ce2ce152a9c1a8d19242eb4476"
        },
        {
          "type": "renderModule",
          "assetId": "gYPgh990PUmn",
          "checksum": "e8631c6fc20095d1f6ee0dc12097437f"
        },
        {
          "type": "cssRules",
          "assetId": "gYPgh990PUmn",
          "checksum": "e8631c6fc20095d1f6ee0dc12097437f"
        },
        {
          "type": "icon",
          "assetId": "QJIhGpi5QjzM",
          "checksum": "f1e5cfd260132ffeeba80a43982348e9"
        },
        {
          "type": "icon",
          "assetId": "uPeH3k2_yagr",
          "checksum": "1badd84992a2865d8385ad7a6beceaa0"
        },
        {
          "type": "icon",
          "assetId": "j0iLC8QhOsFQ",
          "checksum": "af9fede5f2aafc61baaf69cf5a0b554a"
        },
        {
          "type": "icon",
          "assetId": "Ef0L2SKfiBwy",
          "checksum": "8180b9a3db1fa6e27a15fa38b2c52c28"
        },
        {
          "type": "icon",
          "assetId": "oJSjKah-Wjvg",
          "checksum": "5e482586a4bfdaa914619a72a86efda3"
        },
        {
          "type": "icon",
          "assetId": "CdqqVg3YOrj4",
          "checksum": "791d009a72aba1f95ea5dc972ca9a53f"
        },
        {
          "type": "icon",
          "assetId": "r_3aOfhyyntq",
          "checksum": "896d6ceb1f9356d06846566c81d614a6"
        },
        {
          "type": "icon",
          "assetId": "aXF8tDa3lzTX",
          "checksum": "dc56092f181a6f40e2fba8a20d94042e"
        },
        {
          "type": "icon",
          "assetId": "0F5hNoWrw2ub",
          "checksum": "5544cf62641e67eec7652c950347d2d6"
        },
        {
          "type": "icon",
          "assetId": "xKl9tFjx8mAP",
          "checksum": "1dfcea9ffd5a8f075254206532ec69e2"
        },
        {
          "type": "icon",
          "assetId": "bH2aD3pYI3sL",
          "checksum": "4e543bb1ada543c4f90bcfbc5fdfdcb8"
        },
        {
          "type": "icon",
          "assetId": "DdGrJiRmVL9P",
          "checksum": "2668efe0bc7a960eedcd6a31ea861107"
        },
        {
          "type": "icon",
          "assetId": "ddzsUZwCAge6",
          "checksum": "dc435a827db7a269f8a36a42993db06b"
        },
        {
          "type": "icon",
          "assetId": "t5EymZknjYhx",
          "checksum": "133cbf9ef0d8fd15632018be5b134d30"
        },
        {
          "type": "icon",
          "assetId": "_3viAdKsp98i",
          "checksum": "f702a09a8b0e5aa4a326a0403ec400e8"
        },
        {
          "type": "icon",
          "assetId": "xg5DvOcWdK2p",
          "checksum": "0d4c7e850ed0a4a9203c8377d232fe52"
        },
        {
          "type": "icon",
          "assetId": "Rr0MpOWKMAEb",
          "checksum": "8d5b8341a419c57f42499a3241892a25"
        },
        {
          "type": "icon",
          "assetId": "LOrKNOO-d5Mq",
          "checksum": "88674c9bd53a7a14eed2c112494df5c3"
        },
        {
          "type": "icon",
          "assetId": "pnptPF3uPnla",
          "checksum": "1da73e3af2c966391e42db79a9142674"
        },
        {
          "type": "icon",
          "assetId": "9guJbx722x-n",
          "checksum": "4655a8a0899fced84d3dff64e76cb695"
        },
        {
          "type": "icon",
          "assetId": "yMXoyaTLT7V4",
          "checksum": "0cb0d05b845ce5605bc5c732cc89b366"
        },
        {
          "type": "icon",
          "assetId": "WRQaq9Az_ka3",
          "checksum": "c26b2c48104546fec070ec9f94079cf1"
        },
        {
          "type": "icon",
          "assetId": "tmcLPcuUWb6b",
          "checksum": "6d4e9532b9f1fda5980321d6dd99fc80"
        },
        {
          "type": "icon",
          "assetId": "0iALUevm3EM0",
          "checksum": "4dd33a7f7b4148a8174a83d0a8362ef5"
        },
        {
          "type": "icon",
          "assetId": "j34KOHVnuE3V",
          "checksum": "afa8738dd1e5a88664637983ce1d209d"
        },
        {
          "type": "icon",
          "assetId": "B-YYbypXeStC",
          "checksum": "f7fc284790fdfe1c43b5a8e199188101"
        },
        {
          "type": "icon",
          "assetId": "dhWi4KG4iJLs",
          "checksum": "cb205e2f4c23dd09e7bbda4285549ad9"
        },
        {
          "type": "icon",
          "assetId": "CMiUy8OjrTQb",
          "checksum": "b43ec7978a056648c2cd13a368db5a6e"
        },
        {
          "type": "icon",
          "assetId": "7fMONLIMhWWp",
          "checksum": "5354b3e480ab8d77645664bc2709554a"
        },
        {
          "type": "icon",
          "assetId": "cTBqVSG0rrbi",
          "checksum": "88d003d529d36cd96e2d3e63d32dc74e"
        },
        {
          "type": "icon",
          "assetId": "66JHbrTT_3Sw",
          "checksum": "2d17dbd981dc6e5e09c37f9021f69814"
        },
        {
          "type": "icon",
          "assetId": "1V5cOC0zlimZ",
          "checksum": "12dec842dc0a3db99516c5c1c0ded1fe"
        },
        {
          "type": "icon",
          "assetId": "w8WWCL85BRsg",
          "checksum": "5feba1861b4bede739abeec01997e453"
        },
        {
          "type": "icon",
          "assetId": "GdTODdhp06hz",
          "checksum": "32f4d3d810fa9f0cd9fb734ee48fa570"
        },
        {
          "type": "icon",
          "assetId": "lCBu71bjlzmx",
          "checksum": "903ee447e00131e9f52581df9112ed36"
        },
        {
          "type": "icon",
          "assetId": "SWvyM_wI88OT",
          "checksum": "4669f60d12cdde42d9526300eea9b7c7"
        },
        {
          "type": "icon",
          "assetId": "_rAbrLNW1xDw",
          "checksum": "d65b2adc4d9746d79abb899aaa39b713"
        },
        {
          "type": "icon",
          "assetId": "BhqQblZwPcmh",
          "checksum": "6f5c19d5db64bce9261236cd9fe7173f"
        },
        {
          "type": "icon",
          "assetId": "ErvMjSVdR9J0",
          "checksum": "bc5fde0bddc37982916403a94154db37"
        },
        {
          "type": "icon",
          "assetId": "H6gp0bKrjXMN",
          "checksum": "4202355f947317d405dd29b374875aad"
        },
        {
          "type": "icon",
          "assetId": "CA3Zpz59q9SP",
          "checksum": "fb877f5338c7fe6821b749dd66b7668a"
        },
        {
          "type": "icon",
          "assetId": "WxKuU02_sSsl",
          "checksum": "ad947d150bba09653c6bffc0a782921f"
        },
        {
          "type": "icon",
          "assetId": "rVIhBdTfmkZt",
          "checksum": "5bc80d0fdfc8e436fa35feca72ef5962"
        },
        {
          "type": "icon",
          "assetId": "w2QET6ZCl6b1",
          "checksum": "8751d3146ea6af13ac5a20c75ab9dcc1"
        },
        {
          "type": "icon",
          "assetId": "gUvwlJQ4lpZt",
          "checksum": "6dea572d0c83bf24c17be2e0c6efc1b2"
        },
        {
          "type": "icon",
          "assetId": "am47pUOqYVfA",
          "checksum": "ba0bb40fb6940ddebface27e31c399cd"
        },
        {
          "type": "icon",
          "assetId": "goKFc8oYgEJP",
          "checksum": "5b05ef9b4bda6b5e6d237c7f91279c3a"
        },
        {
          "type": "icon",
          "assetId": "vzyUff5v2Pwv",
          "checksum": "90849a2008b776c869d80e0207016596"
        },
        {
          "type": "icon",
          "assetId": "S5rbQugot3Pj",
          "checksum": "cdb7feae0c6ea56e09ecb856174f8a50"
        },
        {
          "type": "icon",
          "assetId": "4vtHsntmN2jE",
          "checksum": "b2c5752ce38b125dcda2f5d25b1958c1"
        },
        {
          "type": "icon",
          "assetId": "Z3HDgbbq31-a",
          "checksum": "89aae1e1811cc894f760eed726a643e2"
        },
        {
          "type": "icon",
          "assetId": "bGtmnwhPToER",
          "checksum": "1e7f8d12917a5c73d5661e9237d264c4"
        },
        {
          "type": "icon",
          "assetId": "KpJyYVkDdaox",
          "checksum": "abc397790111ba723242913e71ee8dc6"
        },
        {
          "type": "icon",
          "assetId": "A4dguAGf-TDd",
          "checksum": "813f1231d79417888e8770c2c67b4294"
        },
        {
          "type": "icon",
          "assetId": "nwHu04ZrwxMT",
          "checksum": "86adaa06baa3316fa627bc6e629f4328"
        },
        {
          "type": "icon",
          "assetId": "8NmlgAJcPa51",
          "checksum": "2583d38f422273cd33acb5f700ec4795"
        },
        {
          "type": "icon",
          "assetId": "9wcuXLUG9DN_",
          "checksum": "c404a63699719cf603e9dc8f3da45ae1"
        },
        {
          "type": "image",
          "assetId": "FCDsXOk3xJ0V",
          "checksum": "9d7ce283cbf2cbb722c7c38c3a4b5637"
        },
        {
          "type": "image",
          "assetId": "OAvJrVXQ4XQO",
          "checksum": "ff74f8e0aa04e15f88b36590be13c7a8"
        },
        {
          "type": "image",
          "assetId": "vGOp7WSLxe_x",
          "checksum": "58b016ecc01aa83bc21ca1c58b204463"
        },
        {
          "type": "image",
          "assetId": "GDAOURukMPL9",
          "checksum": "bc5419ae5521b1c1c6bf5a6013f7ef79"
        },
        {
          "type": "image",
          "assetId": "iJcE_3hwvRQb",
          "checksum": "349f89e4edae0db6833b67add127b5c0"
        },
        {
          "type": "image",
          "assetId": "Ey6CCSfGx2GD",
          "checksum": "c729315152ca3180d078f211227c5f38"
        },
        {
          "type": "image",
          "assetId": "NxxyKZ1UZ1kP",
          "checksum": "a613bbdf6e45dee1bbe3cd74c580b2ab"
        },
        {
          "type": "image",
          "assetId": "_NT1eC1Hkjv6",
          "checksum": "26dc6b6e708080b39ab734955aaa2ab1"
        },
        {
          "type": "image",
          "assetId": "aTskXH-L74iV",
          "checksum": "6752f3f2b474f6f472796a4f207bde6c"
        },
        {
          "type": "image",
          "assetId": "BuLalfDigToZ",
          "checksum": "27ddff3ba3f7df6baf3f89ba3bae5c77"
        },
        {
          "type": "image",
          "assetId": "Cto9jnWUcUZq",
          "checksum": "fb50f9e53f210f0ed08213ecdee194c6"
        },
        {
          "type": "image",
          "assetId": "kMSn56WaVWIr",
          "checksum": "012e9696a7f7dc5ed06a0d9af27d707a"
        },
        {
          "type": "image",
          "assetId": "13KOUiVMgGp4",
          "checksum": "43392eb0e0b0f84e3fc48a178683cfae"
        },
        {
          "type": "image",
          "assetId": "wcuMW0p2cfFn",
          "checksum": "c0d5e09f6ad2be1b892e02ff555c5c21"
        },
        {
          "type": "image",
          "assetId": "blJ7b6QZu306",
          "checksum": "f457c1c0040952b051e5e31f170290c0"
        },
        {
          "type": "image",
          "assetId": "mN1gPiGbqEfW",
          "checksum": "f52a3ef6d1a60883f4f40d28663b0de8"
        },
        {
          "type": "image",
          "assetId": "TXaogf8YRBVk",
          "checksum": "726964a66d4d57e79e816a5410d69d0b"
        },
        {
          "type": "image",
          "assetId": "JoVCgALHBEfh",
          "checksum": "5b3edf0eea822a59b6a4f16e8c3505e2"
        },
        {
          "type": "image",
          "assetId": "TkjkszIEgDV0",
          "checksum": "ebd5dc5f687eb322dcb59141febe2812"
        },
        {
          "type": "image",
          "assetId": "vi4HtnW-Ab7g",
          "checksum": "8101ffa3cce91b2d37d976d218a6a9c4"
        },
        {
          "type": "image",
          "assetId": "3TuMnqklc2z1",
          "checksum": "0ac026275c818ae71619ea39dc6a1526"
        },
        {
          "type": "image",
          "assetId": "NQGXtlBzgriE",
          "checksum": "b8c289ece52755c85c17f078a980a024"
        },
        {
          "type": "image",
          "assetId": "AYBWn2KVKeSf",
          "checksum": "2316c4bffbd038fcc2045433361131db"
        },
        {
          "type": "image",
          "assetId": "VusODJHT2din",
          "checksum": "097bd44e05cd4657536f5dd1628036f8"
        },
        {
          "type": "image",
          "assetId": "E1U74qMj5ckk",
          "checksum": "d4c651865b2fbb2694f72dca8d16ba60"
        },
        {
          "type": "image",
          "assetId": "kV29oZVj90Iq",
          "checksum": "a147993f979fc52621116970b3688ab0"
        },
        {
          "type": "image",
          "assetId": "Yr1soCoFKtrz",
          "checksum": "dabb876a1698aa26fb324afa708d333b"
        },
        {
          "type": "image",
          "assetId": "JvnXsAiFH_jM",
          "checksum": "959436ac7cc9ea3a6a26681e0274cf81"
        },
        {
          "type": "image",
          "assetId": "HI9lobRE5-de",
          "checksum": "098cbc0ad6888895c8fafd48cf1b4048"
        },
        {
          "type": "image",
          "assetId": "ykIWDgiuim_8",
          "checksum": "db072a6d561581abefc8ba7e89ea246c"
        },
        {
          "type": "image",
          "assetId": "SztaH6YYLdYy",
          "checksum": "05b3aee66b78140706645a6794b2b6f7"
        },
        {
          "type": "image",
          "assetId": "YnjO3rLn2UCa",
          "checksum": "027a848b5d9dbe65d676346565fe2c5d"
        },
        {
          "type": "image",
          "assetId": "GHZnoUAdRIZ5",
          "checksum": "17154f4dd3f3d9ba183a9a7aa352e14b"
        },
        {
          "type": "image",
          "assetId": "2YdyjaYpS_Hj",
          "checksum": "7597b94566cc2365959fff9b8d833ca7"
        },
        {
          "type": "image",
          "assetId": "uFkYb30X8Ym4",
          "checksum": "ec97529b1226562a48fae1416948d1ae"
        },
        {
          "type": "image",
          "assetId": "ruFglBdgcnWT",
          "checksum": "f68e5cbd942bb600c5b0b089cb6f83dc"
        }
      ],
      "codegenVersion": "0.0.1"
    }
  ],
  "cliVersion": "0.1.327"
}
